
Microsoft Visual Studio Solution File, Format Version 12.00
# Visual Studio Version 16
VisualStudioVersion = 16.0.30114.105
MinimumVisualStudioVersion = 10.0.40219.1
Project("{2150E333-8FDC-42A3-9474-1A3956D46DE8}") = "src", "src", "{2417799A-BA25-428B-91E9-4A00B46513DC}"
EndProject
Project("{2150E333-8FDC-42A3-9474-1A3956D46DE8}") = "tests", "tests", "{C6004532-87C1-4AF0-A67D-A1AC17780A48}"
EndProject
Project("{FAE04EC0-301F-11D3-BF4B-00C04F79EFBC}") = "Grpc.Net.Testing.Moq", "Grpc.Net.Testing.Moq\Grpc.Net.Testing.Moq.csproj", "{E7D7A92B-1520-40E5-9D34-5351A646B94F}"
EndProject
Project("{FAE04EC0-301F-11D3-BF4B-00C04F79EFBC}") = "Grpc.Net.Testing.Moq.Tests", "..\tests\Grpc.Net.Testing.Moq.Tests\Grpc.Net.Testing.Moq.Tests.csproj", "{A141EE69-F9E0-4270-AFE1-5B6C52E793D5}"
EndProject
Project("{2150E333-8FDC-42A3-9474-1A3956D46DE8}") = "env", "env", "{7E21EE01-9EB7-46A9-92E6-EE565A6D6DEA}"
ProjectSection(SolutionItems) = preProject
	..\README.md = ..\README.md
EndProjectSection
EndProject
Global
	GlobalSection(SolutionConfigurationPlatforms) = preSolution
		Debug|Any CPU = Debug|Any CPU
		Debug|x64 = Debug|x64
		Debug|x86 = Debug|x86
		Release|Any CPU = Release|Any CPU
		Release|x64 = Release|x64
		Release|x86 = Release|x86
	EndGlobalSection
	GlobalSection(SolutionProperties) = preSolution
		HideSolutionNode = FALSE
	EndGlobalSection
	GlobalSection(NestedProjects) = preSolution
		{E7D7A92B-1520-40E5-9D34-5351A646B94F} = {2417799A-BA25-428B-91E9-4A00B46513DC}
		{A141EE69-F9E0-4270-AFE1-5B6C52E793D5} = {C6004532-87C1-4AF0-A67D-A1AC17780A48}
	EndGlobalSection
	GlobalSection(ProjectConfigurationPlatforms) = postSolution
		{E7D7A92B-1520-40E5-9D34-5351A646B94F}.Debug|Any CPU.ActiveCfg = Debug|Any CPU
		{E7D7A92B-1520-40E5-9D34-5351A646B94F}.Debug|Any CPU.Build.0 = Debug|Any CPU
		{E7D7A92B-1520-40E5-9D34-5351A646B94F}.Debug|x64.ActiveCfg = Debug|Any CPU
		{E7D7A92B-1520-40E5-9D34-5351A646B94F}.Debug|x64.Build.0 = Debug|Any CPU
		{E7D7A92B-1520-40E5-9D34-5351A646B94F}.Debug|x86.ActiveCfg = Debug|Any CPU
		{E7D7A92B-1520-40E5-9D34-5351A646B94F}.Debug|x86.Build.0 = Debug|Any CPU
		{E7D7A92B-1520-40E5-9D34-5351A646B94F}.Release|Any CPU.ActiveCfg = Release|Any CPU
		{E7D7A92B-1520-40E5-9D34-5351A646B94F}.Release|Any CPU.Build.0 = Release|Any CPU
		{E7D7A92B-1520-40E5-9D34-5351A646B94F}.Release|x64.ActiveCfg = Release|Any CPU
		{E7D7A92B-1520-40E5-9D34-5351A646B94F}.Release|x64.Build.0 = Release|Any CPU
		{E7D7A92B-1520-40E5-9D34-5351A646B94F}.Release|x86.ActiveCfg = Release|Any CPU
		{E7D7A92B-1520-40E5-9D34-5351A646B94F}.Release|x86.Build.0 = Release|Any CPU
		{A141EE69-F9E0-4270-AFE1-5B6C52E793D5}.Debug|Any CPU.ActiveCfg = Debug|Any CPU
		{A141EE69-F9E0-4270-AFE1-5B6C52E793D5}.Debug|Any CPU.Build.0 = Debug|Any CPU
		{A141EE69-F9E0-4270-AFE1-5B6C52E793D5}.Debug|x64.ActiveCfg = Debug|Any CPU
		{A141EE69-F9E0-4270-AFE1-5B6C52E793D5}.Debug|x64.Build.0 = Debug|Any CPU
		{A141EE69-F9E0-4270-AFE1-5B6C52E793D5}.Debug|x86.ActiveCfg = Debug|Any CPU
		{A141EE69-F9E0-4270-AFE1-5B6C52E793D5}.Debug|x86.Build.0 = Debug|Any CPU
		{A141EE69-F9E0-4270-AFE1-5B6C52E793D5}.Release|Any CPU.ActiveCfg = Release|Any CPU
		{A141EE69-F9E0-4270-AFE1-5B6C52E793D5}.Release|Any CPU.Build.0 = Release|Any CPU
		{A141EE69-F9E0-4270-AFE1-5B6C52E793D5}.Release|x64.ActiveCfg = Release|Any CPU
		{A141EE69-F9E0-4270-AFE1-5B6C52E793D5}.Release|x64.Build.0 = Release|Any CPU
		{A141EE69-F9E0-4270-AFE1-5B6C52E793D5}.Release|x86.ActiveCfg = Release|Any CPU
		{A141EE69-F9E0-4270-AFE1-5B6C52E793D5}.Release|x86.Build.0 = Release|Any CPU
	EndGlobalSection
EndGlobal
